// !$*UTF8*$!
{
	archiveVersion = 1;
	classes = {
	};
	objectVersion = 46;
	objects = {

/* Begin PBXBuildFile section */
		58179F7A1BDA77DC002648F1 /* AudioToolbox.framework in Frameworks */ = {isa = PBXBuildFile; fileRef = 58179F791BDA77DC002648F1 /* AudioToolbox.framework */; };
		58179F7C1BDA77E1002648F1 /* CFNetwork.framework in Frameworks */ = {isa = PBXBuildFile; fileRef = 58179F7B1BDA77E1002648F1 /* CFNetwork.framework */; };
		58179F801BDA77EC002648F1 /* Security.framework in Frameworks */ = {isa = PBXBuildFile; fileRef = 58179F7D1BDA77EC002648F1 /* Security.framework */; };
		58179F811BDA77EC002648F1 /* StoreKit.framework in Frameworks */ = {isa = PBXBuildFile; fileRef = 58179F7E1BDA77EC002648F1 /* StoreKit.framework */; };
		58179F821BDA77EC002648F1 /* SystemConfiguration.framework in Frameworks */ = {isa = PBXBuildFile; fileRef = 58179F7F1BDA77EC002648F1 /* SystemConfiguration.framework */; };
		58179F841BDA77F3002648F1 /* Contacts.framework in Frameworks */ = {isa = PBXBuildFile; fileRef = 58179F831BDA77F3002648F1 /* Contacts.framework */; };
		58179F8B1BDA7826002648F1 /* ContactsUI.framework in Frameworks */ = {isa = PBXBuildFile; fileRef = 58179F851BDA7826002648F1 /* ContactsUI.framework */; };
		58179F8C1BDA7826002648F1 /* CoreGraphics.framework in Frameworks */ = {isa = PBXBuildFile; fileRef = 58179F861BDA7826002648F1 /* CoreGraphics.framework */; };
		58179F8D1BDA7826002648F1 /* CoreLocation.framework in Frameworks */ = {isa = PBXBuildFile; fileRef = 58179F871BDA7826002648F1 /* CoreLocation.framework */; };
		58179F8E1BDA7826002648F1 /* libsqlite3.tbd in Frameworks */ = {isa = PBXBuildFile; fileRef = 58179F881BDA7826002648F1 /* libsqlite3.tbd */; };
		58179F8F1BDA7826002648F1 /* libz.tbd in Frameworks */ = {isa = PBXBuildFile; fileRef = 58179F891BDA7826002648F1 /* libz.tbd */; };
		58179F901BDA7826002648F1 /* QuartzCore.framework in Frameworks */ = {isa = PBXBuildFile; fileRef = 58179F8A1BDA7826002648F1 /* QuartzCore.framework */; };
		58179F931BDA786A002648F1 /* Bolts.framework in Frameworks */ = {isa = PBXBuildFile; fileRef = 58179F911BDA786A002648F1 /* Bolts.framework */; };
		58179F941BDA786A002648F1 /* Parse.framework in Frameworks */ = {isa = PBXBuildFile; fileRef = 58179F921BDA786A002648F1 /* Parse.framework */; };
		58C5DC4E1BF0FAEA00EFB5F7 /* setViewController.swift in Sources */ = {isa = PBXBuildFile; fileRef = 58C5DC4D1BF0FAEA00EFB5F7 /* setViewController.swift */; };
		58C5DC501BF0FDE100EFB5F7 /* cardTableViewController.swift in Sources */ = {isa = PBXBuildFile; fileRef = 58C5DC4F1BF0FDE100EFB5F7 /* cardTableViewController.swift */; };
		81547E781BF0748C00042145 /* ParseUI.framework in Frameworks */ = {isa = PBXBuildFile; fileRef = 81547E771BF0748C00042145 /* ParseUI.framework */; };
		81547E801BF0767900042145 /* StudyItTests.swift in Sources */ = {isa = PBXBuildFile; fileRef = 81547E7F1BF0767900042145 /* StudyItTests.swift */; };
		81547E8E1BF0769E00042145 /* StudyItUITests.swift in Sources */ = {isa = PBXBuildFile; fileRef = 81547E8D1BF0769E00042145 /* StudyItUITests.swift */; };
		9C22C2BF1BBB4B8F006971F3 /* AppDelegate.swift in Sources */ = {isa = PBXBuildFile; fileRef = 9C22C2BE1BBB4B8F006971F3 /* AppDelegate.swift */; };
		9C22C2C11BBB4B8F006971F3 /* ViewController.swift in Sources */ = {isa = PBXBuildFile; fileRef = 9C22C2C01BBB4B8F006971F3 /* ViewController.swift */; };
		9C22C2C61BBB4B8F006971F3 /* Assets.xcassets in Resources */ = {isa = PBXBuildFile; fileRef = 9C22C2C51BBB4B8F006971F3 /* Assets.xcassets */; };
		9C22C2C91BBB4B8F006971F3 /* LaunchScreen.storyboard in Resources */ = {isa = PBXBuildFile; fileRef = 9C22C2C71BBB4B8F006971F3 /* LaunchScreen.storyboard */; };
		9C22C2D11BBB4BBE006971F3 /* CardViewController.swift in Sources */ = {isa = PBXBuildFile; fileRef = 9C22C2D01BBB4BBE006971F3 /* CardViewController.swift */; };
		9C88F6F91BDA811E001F5A42 /* FrontViewController.swift in Sources */ = {isa = PBXBuildFile; fileRef = 9C88F6F81BDA811E001F5A42 /* FrontViewController.swift */; };
		9C88F6FD1BDA860E001F5A42 /* BackViewController.swift in Sources */ = {isa = PBXBuildFile; fileRef = 9C88F6FC1BDA860E001F5A42 /* BackViewController.swift */; };
		9CD1D9091BDAE97200545E2E /* Main.storyboard in Resources */ = {isa = PBXBuildFile; fileRef = 9CD1D9081BDAE97200545E2E /* Main.storyboard */; };
/* End PBXBuildFile section */

/* Begin PBXContainerItemProxy section */
		81547E821BF0767900042145 /* PBXContainerItemProxy */ = {
			isa = PBXContainerItemProxy;
			containerPortal = 9C22C2B31BBB4B8F006971F3 /* Project object */;
			proxyType = 1;
			remoteGlobalIDString = 9C22C2BA1BBB4B8F006971F3;
			remoteInfo = StudyIt;
		};
		81547E901BF0769E00042145 /* PBXContainerItemProxy */ = {
			isa = PBXContainerItemProxy;
			containerPortal = 9C22C2B31BBB4B8F006971F3 /* Project object */;
			proxyType = 1;
			remoteGlobalIDString = 9C22C2BA1BBB4B8F006971F3;
			remoteInfo = StudyIt;
		};
/* End PBXContainerItemProxy section */

/* Begin PBXFileReference section */
		58179F791BDA77DC002648F1 /* AudioToolbox.framework */ = {isa = PBXFileReference; lastKnownFileType = wrapper.framework; name = AudioToolbox.framework; path = System/Library/Frameworks/AudioToolbox.framework; sourceTree = SDKROOT; };
		58179F7B1BDA77E1002648F1 /* CFNetwork.framework */ = {isa = PBXFileReference; lastKnownFileType = wrapper.framework; name = CFNetwork.framework; path = System/Library/Frameworks/CFNetwork.framework; sourceTree = SDKROOT; };
		58179F7D1BDA77EC002648F1 /* Security.framework */ = {isa = PBXFileReference; lastKnownFileType = wrapper.framework; name = Security.framework; path = System/Library/Frameworks/Security.framework; sourceTree = SDKROOT; };
		58179F7E1BDA77EC002648F1 /* StoreKit.framework */ = {isa = PBXFileReference; lastKnownFileType = wrapper.framework; name = StoreKit.framework; path = System/Library/Frameworks/StoreKit.framework; sourceTree = SDKROOT; };
		58179F7F1BDA77EC002648F1 /* SystemConfiguration.framework */ = {isa = PBXFileReference; lastKnownFileType = wrapper.framework; name = SystemConfiguration.framework; path = System/Library/Frameworks/SystemConfiguration.framework; sourceTree = SDKROOT; };
		58179F831BDA77F3002648F1 /* Contacts.framework */ = {isa = PBXFileReference; lastKnownFileType = wrapper.framework; name = Contacts.framework; path = System/Library/Frameworks/Contacts.framework; sourceTree = SDKROOT; };
		58179F851BDA7826002648F1 /* ContactsUI.framework */ = {isa = PBXFileReference; lastKnownFileType = wrapper.framework; name = ContactsUI.framework; path = System/Library/Frameworks/ContactsUI.framework; sourceTree = SDKROOT; };
		58179F861BDA7826002648F1 /* CoreGraphics.framework */ = {isa = PBXFileReference; lastKnownFileType = wrapper.framework; name = CoreGraphics.framework; path = System/Library/Frameworks/CoreGraphics.framework; sourceTree = SDKROOT; };
		58179F871BDA7826002648F1 /* CoreLocation.framework */ = {isa = PBXFileReference; lastKnownFileType = wrapper.framework; name = CoreLocation.framework; path = System/Library/Frameworks/CoreLocation.framework; sourceTree = SDKROOT; };
		58179F881BDA7826002648F1 /* libsqlite3.tbd */ = {isa = PBXFileReference; lastKnownFileType = "sourcecode.text-based-dylib-definition"; name = libsqlite3.tbd; path = usr/lib/libsqlite3.tbd; sourceTree = SDKROOT; };
		58179F891BDA7826002648F1 /* libz.tbd */ = {isa = PBXFileReference; lastKnownFileType = "sourcecode.text-based-dylib-definition"; name = libz.tbd; path = usr/lib/libz.tbd; sourceTree = SDKROOT; };
		58179F8A1BDA7826002648F1 /* QuartzCore.framework */ = {isa = PBXFileReference; lastKnownFileType = wrapper.framework; name = QuartzCore.framework; path = System/Library/Frameworks/QuartzCore.framework; sourceTree = SDKROOT; };
		58179F911BDA786A002648F1 /* Bolts.framework */ = {isa = PBXFileReference; lastKnownFileType = wrapper.framework; path = Bolts.framework; sourceTree = "<group>"; };
		58179F921BDA786A002648F1 /* Parse.framework */ = {isa = PBXFileReference; lastKnownFileType = wrapper.framework; path = Parse.framework; sourceTree = "<group>"; };
		58C5DC4D1BF0FAEA00EFB5F7 /* setViewController.swift */ = {isa = PBXFileReference; fileEncoding = 4; lastKnownFileType = sourcecode.swift; path = setViewController.swift; sourceTree = "<group>"; };
		58C5DC4F1BF0FDE100EFB5F7 /* cardTableViewController.swift */ = {isa = PBXFileReference; fileEncoding = 4; lastKnownFileType = sourcecode.swift; path = cardTableViewController.swift; sourceTree = "<group>"; };
		81547E771BF0748C00042145 /* ParseUI.framework */ = {isa = PBXFileReference; lastKnownFileType = wrapper.framework; path = ParseUI.framework; sourceTree = "<group>"; };
		81547E7D1BF0767800042145 /* StudyItTests.xctest */ = {isa = PBXFileReference; explicitFileType = wrapper.cfbundle; includeInIndex = 0; path = StudyItTests.xctest; sourceTree = BUILT_PRODUCTS_DIR; };
		81547E7F1BF0767900042145 /* StudyItTests.swift */ = {isa = PBXFileReference; lastKnownFileType = sourcecode.swift; path = StudyItTests.swift; sourceTree = "<group>"; };
		81547E811BF0767900042145 /* Info.plist */ = {isa = PBXFileReference; lastKnownFileType = text.plist.xml; path = Info.plist; sourceTree = "<group>"; };
		81547E8B1BF0769E00042145 /* StudyItUITests.xctest */ = {isa = PBXFileReference; explicitFileType = wrapper.cfbundle; includeInIndex = 0; path = StudyItUITests.xctest; sourceTree = BUILT_PRODUCTS_DIR; };
		81547E8D1BF0769E00042145 /* StudyItUITests.swift */ = {isa = PBXFileReference; lastKnownFileType = sourcecode.swift; path = StudyItUITests.swift; sourceTree = "<group>"; };
		81547E8F1BF0769E00042145 /* Info.plist */ = {isa = PBXFileReference; lastKnownFileType = text.plist.xml; path = Info.plist; sourceTree = "<group>"; };
		9C22C2BB1BBB4B8F006971F3 /* StudyIt.app */ = {isa = PBXFileReference; explicitFileType = wrapper.application; includeInIndex = 0; path = StudyIt.app; sourceTree = BUILT_PRODUCTS_DIR; };
		9C22C2BE1BBB4B8F006971F3 /* AppDelegate.swift */ = {isa = PBXFileReference; lastKnownFileType = sourcecode.swift; path = AppDelegate.swift; sourceTree = "<group>"; };
		9C22C2C01BBB4B8F006971F3 /* ViewController.swift */ = {isa = PBXFileReference; fileEncoding = 4; lastKnownFileType = sourcecode.swift; path = ViewController.swift; sourceTree = "<group>"; };
		9C22C2C51BBB4B8F006971F3 /* Assets.xcassets */ = {isa = PBXFileReference; lastKnownFileType = folder.assetcatalog; path = Assets.xcassets; sourceTree = "<group>"; };
		9C22C2C81BBB4B8F006971F3 /* Base */ = {isa = PBXFileReference; lastKnownFileType = file.storyboard; name = Base; path = Base.lproj/LaunchScreen.storyboard; sourceTree = "<group>"; };
		9C22C2CA1BBB4B8F006971F3 /* Info.plist */ = {isa = PBXFileReference; lastKnownFileType = text.plist.xml; path = Info.plist; sourceTree = "<group>"; };
		9C22C2D01BBB4BBE006971F3 /* CardViewController.swift */ = {isa = PBXFileReference; fileEncoding = 4; lastKnownFileType = sourcecode.swift; path = CardViewController.swift; sourceTree = "<group>"; };
		9C88F6F81BDA811E001F5A42 /* FrontViewController.swift */ = {isa = PBXFileReference; fileEncoding = 4; lastKnownFileType = sourcecode.swift; path = FrontViewController.swift; sourceTree = "<group>"; };
		9C88F6FC1BDA860E001F5A42 /* BackViewController.swift */ = {isa = PBXFileReference; fileEncoding = 4; lastKnownFileType = sourcecode.swift; path = BackViewController.swift; sourceTree = "<group>"; };
		9CD1D9081BDAE97200545E2E /* Main.storyboard */ = {isa = PBXFileReference; fileEncoding = 4; lastKnownFileType = file.storyboard; path = Main.storyboard; sourceTree = "<group>"; };
/* End PBXFileReference section */

/* Begin PBXFrameworksBuildPhase section */
		81547E7A1BF0767800042145 /* Frameworks */ = {
			isa = PBXFrameworksBuildPhase;
			buildActionMask = 2147483647;
			files = (
			);
			runOnlyForDeploymentPostprocessing = 0;
		};
		81547E881BF0769E00042145 /* Frameworks */ = {
			isa = PBXFrameworksBuildPhase;
			buildActionMask = 2147483647;
			files = (
			);
			runOnlyForDeploymentPostprocessing = 0;
		};
		9C22C2B81BBB4B8F006971F3 /* Frameworks */ = {
			isa = PBXFrameworksBuildPhase;
			buildActionMask = 2147483647;
			files = (
				58179F8B1BDA7826002648F1 /* ContactsUI.framework in Frameworks */,
				58179F8C1BDA7826002648F1 /* CoreGraphics.framework in Frameworks */,
				58179F8D1BDA7826002648F1 /* CoreLocation.framework in Frameworks */,
				58179F8E1BDA7826002648F1 /* libsqlite3.tbd in Frameworks */,
				58179F8F1BDA7826002648F1 /* libz.tbd in Frameworks */,
				58179F901BDA7826002648F1 /* QuartzCore.framework in Frameworks */,
				58179F841BDA77F3002648F1 /* Contacts.framework in Frameworks */,
				58179F931BDA786A002648F1 /* Bolts.framework in Frameworks */,
				58179F801BDA77EC002648F1 /* Security.framework in Frameworks */,
				58179F811BDA77EC002648F1 /* StoreKit.framework in Frameworks */,
				58179F941BDA786A002648F1 /* Parse.framework in Frameworks */,
				58179F821BDA77EC002648F1 /* SystemConfiguration.framework in Frameworks */,
				81547E781BF0748C00042145 /* ParseUI.framework in Frameworks */,
				58179F7C1BDA77E1002648F1 /* CFNetwork.framework in Frameworks */,
				58179F7A1BDA77DC002648F1 /* AudioToolbox.framework in Frameworks */,
			);
			runOnlyForDeploymentPostprocessing = 0;
		};
/* End PBXFrameworksBuildPhase section */

/* Begin PBXGroup section */
		58C5DC4C1BF0F9F200EFB5F7 /* Frameworks */ = {
			isa = PBXGroup;
			children = (
				81547E771BF0748C00042145 /* ParseUI.framework */,
				58179F911BDA786A002648F1 /* Bolts.framework */,
				58179F921BDA786A002648F1 /* Parse.framework */,
				58179F851BDA7826002648F1 /* ContactsUI.framework */,
				58179F861BDA7826002648F1 /* CoreGraphics.framework */,
				58179F871BDA7826002648F1 /* CoreLocation.framework */,
				58179F881BDA7826002648F1 /* libsqlite3.tbd */,
				58179F891BDA7826002648F1 /* libz.tbd */,
				58179F8A1BDA7826002648F1 /* QuartzCore.framework */,
				58179F831BDA77F3002648F1 /* Contacts.framework */,
				58179F7D1BDA77EC002648F1 /* Security.framework */,
				58179F7E1BDA77EC002648F1 /* StoreKit.framework */,
				58179F7F1BDA77EC002648F1 /* SystemConfiguration.framework */,
				58179F7B1BDA77E1002648F1 /* CFNetwork.framework */,
				58179F791BDA77DC002648F1 /* AudioToolbox.framework */,
			);
			name = Frameworks;
			sourceTree = "<group>";
		};
		81547E7E1BF0767900042145 /* StudyItTests */ = {
			isa = PBXGroup;
			children = (
				81547E7F1BF0767900042145 /* StudyItTests.swift */,
				81547E811BF0767900042145 /* Info.plist */,
			);
			path = StudyItTests;
			sourceTree = "<group>";
		};
		81547E8C1BF0769E00042145 /* StudyItUITests */ = {
			isa = PBXGroup;
			children = (
				81547E8D1BF0769E00042145 /* StudyItUITests.swift */,
				81547E8F1BF0769E00042145 /* Info.plist */,
			);
			path = StudyItUITests;
			sourceTree = "<group>";
		};
		9C22C2B21BBB4B8F006971F3 = {
			isa = PBXGroup;
			children = (
				58C5DC4C1BF0F9F200EFB5F7 /* Frameworks */,
				9C22C2BD1BBB4B8F006971F3 /* BigProject */,
				81547E7E1BF0767900042145 /* StudyItTests */,
				81547E8C1BF0769E00042145 /* StudyItUITests */,
				9C22C2BC1BBB4B8F006971F3 /* Products */,
			);
			sourceTree = "<group>";
		};
		9C22C2BC1BBB4B8F006971F3 /* Products */ = {
			isa = PBXGroup;
			children = (
				9C22C2BB1BBB4B8F006971F3 /* StudyIt.app */,
				81547E7D1BF0767800042145 /* StudyItTests.xctest */,
				81547E8B1BF0769E00042145 /* StudyItUITests.xctest */,
			);
			name = Products;
			sourceTree = "<group>";
		};
		9C22C2BD1BBB4B8F006971F3 /* BigProject */ = {
			isa = PBXGroup;
			children = (
				9C22C2BE1BBB4B8F006971F3 /* AppDelegate.swift */,
				9C22C2C01BBB4B8F006971F3 /* ViewController.swift */,
				9CD1D9081BDAE97200545E2E /* Main.storyboard */,
				9C88F6F81BDA811E001F5A42 /* FrontViewController.swift */,
				9C88F6FC1BDA860E001F5A42 /* BackViewController.swift */,
				9C22C2D01BBB4BBE006971F3 /* CardViewController.swift */,
				58C5DC4F1BF0FDE100EFB5F7 /* cardTableViewController.swift */,
				58C5DC4D1BF0FAEA00EFB5F7 /* setViewController.swift */,
				9C22C2C51BBB4B8F006971F3 /* Assets.xcassets */,
				9C22C2C71BBB4B8F006971F3 /* LaunchScreen.storyboard */,
				9C22C2CA1BBB4B8F006971F3 /* Info.plist */,
			);
			path = BigProject;
			sourceTree = "<group>";
		};
/* End PBXGroup section */

/* Begin PBXNativeTarget section */
		81547E7C1BF0767800042145 /* StudyItTests */ = {
			isa = PBXNativeTarget;
			buildConfigurationList = 81547E841BF0767900042145 /* Build configuration list for PBXNativeTarget "StudyItTests" */;
			buildPhases = (
				81547E791BF0767800042145 /* Sources */,
				81547E7A1BF0767800042145 /* Frameworks */,
				81547E7B1BF0767800042145 /* Resources */,
			);
			buildRules = (
			);
			dependencies = (
				81547E831BF0767900042145 /* PBXTargetDependency */,
			);
			name = StudyItTests;
			productName = StudyItTests;
			productReference = 81547E7D1BF0767800042145 /* StudyItTests.xctest */;
			productType = "com.apple.product-type.bundle.unit-test";
		};
		81547E8A1BF0769E00042145 /* StudyItUITests */ = {
			isa = PBXNativeTarget;
			buildConfigurationList = 81547E921BF0769E00042145 /* Build configuration list for PBXNativeTarget "StudyItUITests" */;
			buildPhases = (
				81547E871BF0769E00042145 /* Sources */,
				81547E881BF0769E00042145 /* Frameworks */,
				81547E891BF0769E00042145 /* Resources */,
			);
			buildRules = (
			);
			dependencies = (
				81547E911BF0769E00042145 /* PBXTargetDependency */,
			);
			name = StudyItUITests;
			productName = StudyItUITests;
			productReference = 81547E8B1BF0769E00042145 /* StudyItUITests.xctest */;
			productType = "com.apple.product-type.bundle.ui-testing";
		};
		9C22C2BA1BBB4B8F006971F3 /* StudyIt */ = {
			isa = PBXNativeTarget;
			buildConfigurationList = 9C22C2CD1BBB4B8F006971F3 /* Build configuration list for PBXNativeTarget "StudyIt" */;
			buildPhases = (
				9C22C2B71BBB4B8F006971F3 /* Sources */,
				9C22C2B81BBB4B8F006971F3 /* Frameworks */,
				9C22C2B91BBB4B8F006971F3 /* Resources */,
			);
			buildRules = (
			);
			dependencies = (
			);
			name = StudyIt;
			productName = BigProject;
			productReference = 9C22C2BB1BBB4B8F006971F3 /* StudyIt.app */;
			productType = "com.apple.product-type.application";
		};
/* End PBXNativeTarget section */

/* Begin PBXProject section */
		9C22C2B31BBB4B8F006971F3 /* Project object */ = {
			isa = PBXProject;
			attributes = {
				LastSwiftUpdateCheck = 0710;
				LastUpgradeCheck = 0700;
				ORGANIZATIONNAME = "Isabel Laurenceau";
				TargetAttributes = {
					81547E7C1BF0767800042145 = {
						CreatedOnToolsVersion = 7.0.1;
						TestTargetID = 9C22C2BA1BBB4B8F006971F3;
					};
					81547E8A1BF0769E00042145 = {
						CreatedOnToolsVersion = 7.0.1;
						TestTargetID = 9C22C2BA1BBB4B8F006971F3;
					};
					9C22C2BA1BBB4B8F006971F3 = {
						CreatedOnToolsVersion = 7.0;
						DevelopmentTeam = H87ZRY62FS;
					};
				};
			};
			buildConfigurationList = 9C22C2B61BBB4B8F006971F3 /* Build configuration list for PBXProject "StudyIt" */;
			compatibilityVersion = "Xcode 3.2";
			developmentRegion = English;
			hasScannedForEncodings = 0;
			knownRegions = (
				en,
				Base,
			);
			mainGroup = 9C22C2B21BBB4B8F006971F3;
			productRefGroup = 9C22C2BC1BBB4B8F006971F3 /* Products */;
			projectDirPath = "";
			projectRoot = "";
			targets = (
				9C22C2BA1BBB4B8F006971F3 /* StudyIt */,
				81547E7C1BF0767800042145 /* StudyItTests */,
				81547E8A1BF0769E00042145 /* StudyItUITests */,
			);
		};
/* End PBXProject section */

/* Begin PBXResourcesBuildPhase section */
		81547E7B1BF0767800042145 /* Resources */ = {
			isa = PBXResourcesBuildPhase;
			buildActionMask = 2147483647;
			files = (
			);
			runOnlyForDeploymentPostprocessing = 0;
		};
		81547E891BF0769E00042145 /* Resources */ = {
			isa = PBXResourcesBuildPhase;
			buildActionMask = 2147483647;
			files = (
			);
			runOnlyForDeploymentPostprocessing = 0;
		};
		9C22C2B91BBB4B8F006971F3 /* Resources */ = {
			isa = PBXResourcesBuildPhase;
			buildActionMask = 2147483647;
			files = (
				9C22C2C91BBB4B8F006971F3 /* LaunchScreen.storyboard in Resources */,
				9C22C2C61BBB4B8F006971F3 /* Assets.xcassets in Resources */,
				9CD1D9091BDAE97200545E2E /* Main.storyboard in Resources */,
			);
			runOnlyForDeploymentPostprocessing = 0;
		};
/* End PBXResourcesBuildPhase section */

/* Begin PBXSourcesBuildPhase section */
		81547E791BF0767800042145 /* Sources */ = {
			isa = PBXSourcesBuildPhase;
			buildActionMask = 2147483647;
			files = (
				81547E801BF0767900042145 /* StudyItTests.swift in Sources */,
			);
			runOnlyForDeploymentPostprocessing = 0;
		};
		81547E871BF0769E00042145 /* Sources */ = {
			isa = PBXSourcesBuildPhase;
			buildActionMask = 2147483647;
			files = (
				81547E8E1BF0769E00042145 /* StudyItUITests.swift in Sources */,
			);
			runOnlyForDeploymentPostprocessing = 0;
		};
		9C22C2B71BBB4B8F006971F3 /* Sources */ = {
			isa = PBXSourcesBuildPhase;
			buildActionMask = 2147483647;
			files = (
				9C88F6F91BDA811E001F5A42 /* FrontViewController.swift in Sources */,
				9C22C2C11BBB4B8F006971F3 /* ViewController.swift in Sources */,
				58C5DC501BF0FDE100EFB5F7 /* cardTableViewController.swift in Sources */,
				9C22C2BF1BBB4B8F006971F3 /* AppDelegate.swift in Sources */,
				58C5DC4E1BF0FAEA00EFB5F7 /* setViewController.swift in Sources */,
				9C88F6FD1BDA860E001F5A42 /* BackViewController.swift in Sources */,
				9C22C2D11BBB4BBE006971F3 /* CardViewController.swift in Sources */,
			);
			runOnlyForDeploymentPostprocessing = 0;
		};
/* End PBXSourcesBuildPhase section */

/* Begin PBXTargetDependency section */
		81547E831BF0767900042145 /* PBXTargetDependency */ = {
			isa = PBXTargetDependency;
			target = 9C22C2BA1BBB4B8F006971F3 /* StudyIt */;
			targetProxy = 81547E821BF0767900042145 /* PBXContainerItemProxy */;
		};
		81547E911BF0769E00042145 /* PBXTargetDependency */ = {
			isa = PBXTargetDependency;
			target = 9C22C2BA1BBB4B8F006971F3 /* StudyIt */;
			targetProxy = 81547E901BF0769E00042145 /* PBXContainerItemProxy */;
		};
/* End PBXTargetDependency section */

/* Begin PBXVariantGroup section */
		9C22C2C71BBB4B8F006971F3 /* LaunchScreen.storyboard */ = {
			isa = PBXVariantGroup;
			children = (
				9C22C2C81BBB4B8F006971F3 /* Base */,
			);
			name = LaunchScreen.storyboard;
			sourceTree = "<group>";
		};
/* End PBXVariantGroup section */

/* Begin XCBuildConfiguration section */
		81547E851BF0767900042145 /* Debug */ = {
			isa = XCBuildConfiguration;
			buildSettings = {
				BUNDLE_LOADER = "$(TEST_HOST)";
				INFOPLIST_FILE = StudyItTests/Info.plist;
				LD_RUNPATH_SEARCH_PATHS = "$(inherited) @executable_path/Frameworks @loader_path/Frameworks";
				PRODUCT_BUNDLE_IDENTIFIER = com.myling.StudyItTests;
				PRODUCT_NAME = "$(TARGET_NAME)";
				TEST_HOST = "$(BUILT_PRODUCTS_DIR)/StudyIt.app/StudyIt";
			};
			name = Debug;
		};
		81547E861BF0767900042145 /* Release */ = {
			isa = XCBuildConfiguration;
			buildSettings = {
				BUNDLE_LOADER = "$(TEST_HOST)";
				INFOPLIST_FILE = StudyItTests/Info.plist;
				LD_RUNPATH_SEARCH_PATHS = "$(inherited) @executable_path/Frameworks @loader_path/Frameworks";
				PRODUCT_BUNDLE_IDENTIFIER = com.myling.StudyItTests;
				PRODUCT_NAME = "$(TARGET_NAME)";
				TEST_HOST = "$(BUILT_PRODUCTS_DIR)/StudyIt.app/StudyIt";
			};
			name = Release;
		};
		81547E931BF0769E00042145 /* Debug */ = {
			isa = XCBuildConfiguration;
			buildSettings = {
				INFOPLIST_FILE = StudyItUITests/Info.plist;
				LD_RUNPATH_SEARCH_PATHS = "$(inherited) @executable_path/Frameworks @loader_path/Frameworks";
				PRODUCT_BUNDLE_IDENTIFIER = com.myling.StudyItUITests;
				PRODUCT_NAME = "$(TARGET_NAME)";
				PROVISIONING_PROFILE = "";
				TEST_TARGET_NAME = StudyIt;
				USES_XCTRUNNER = YES;
			};
			name = Debug;
		};
		81547E941BF0769E00042145 /* Release */ = {
			isa = XCBuildConfiguration;
			buildSettings = {
				INFOPLIST_FILE = StudyItUITests/Info.plist;
				LD_RUNPATH_SEARCH_PATHS = "$(inherited) @executable_path/Frameworks @loader_path/Frameworks";
				PRODUCT_BUNDLE_IDENTIFIER = com.myling.StudyItUITests;
				PRODUCT_NAME = "$(TARGET_NAME)";
				PROVISIONING_PROFILE = "";
				TEST_TARGET_NAME = StudyIt;
				USES_XCTRUNNER = YES;
			};
			name = Release;
		};
		9C22C2CB1BBB4B8F006971F3 /* Debug */ = {
			isa = XCBuildConfiguration;
			buildSettings = {
				ALWAYS_SEARCH_USER_PATHS = NO;
				CLANG_CXX_LANGUAGE_STANDARD = "gnu++0x";
				CLANG_CXX_LIBRARY = "libc++";
				CLANG_ENABLE_MODULES = YES;
				CLANG_ENABLE_OBJC_ARC = YES;
				CLANG_WARN_BOOL_CONVERSION = YES;
				CLANG_WARN_CONSTANT_CONVERSION = YES;
				CLANG_WARN_DIRECT_OBJC_ISA_USAGE = YES_ERROR;
				CLANG_WARN_EMPTY_BODY = YES;
				CLANG_WARN_ENUM_CONVERSION = YES;
				CLANG_WARN_INT_CONVERSION = YES;
				CLANG_WARN_OBJC_ROOT_CLASS = YES_ERROR;
				CLANG_WARN_UNREACHABLE_CODE = YES;
				CLANG_WARN__DUPLICATE_METHOD_MATCH = YES;
				"CODE_SIGN_IDENTITY[sdk=iphoneos*]" = "iPhone Developer";
				COPY_PHASE_STRIP = NO;
				DEBUG_INFORMATION_FORMAT = dwarf;
				ENABLE_STRICT_OBJC_MSGSEND = YES;
				ENABLE_TESTABILITY = YES;
				GCC_C_LANGUAGE_STANDARD = gnu99;
				GCC_DYNAMIC_NO_PIC = NO;
				GCC_NO_COMMON_BLOCKS = YES;
				GCC_OPTIMIZATION_LEVEL = 0;
				GCC_PREPROCESSOR_DEFINITIONS = (
					"DEBUG=1",
					"$(inherited)",
				);
				GCC_WARN_64_TO_32_BIT_CONVERSION = YES;
				GCC_WARN_ABOUT_RETURN_TYPE = YES_ERROR;
				GCC_WARN_UNDECLARED_SELECTOR = YES;
				GCC_WARN_UNINITIALIZED_AUTOS = YES_AGGRESSIVE;
				GCC_WARN_UNUSED_FUNCTION = YES;
				GCC_WARN_UNUSED_VARIABLE = YES;
				IPHONEOS_DEPLOYMENT_TARGET = 9.0;
				MTL_ENABLE_DEBUG_INFO = YES;
				ONLY_ACTIVE_ARCH = YES;
				SDKROOT = iphoneos;
				SWIFT_OPTIMIZATION_LEVEL = "-Onone";
			};
			name = Debug;
		};
		9C22C2CC1BBB4B8F006971F3 /* Release */ = {
			isa = XCBuildConfiguration;
			buildSettings = {
				ALWAYS_SEARCH_USER_PATHS = NO;
				CLANG_CXX_LANGUAGE_STANDARD = "gnu++0x";
				CLANG_CXX_LIBRARY = "libc++";
				CLANG_ENABLE_MODULES = YES;
				CLANG_ENABLE_OBJC_ARC = YES;
				CLANG_WARN_BOOL_CONVERSION = YES;
				CLANG_WARN_CONSTANT_CONVERSION = YES;
				CLANG_WARN_DIRECT_OBJC_ISA_USAGE = YES_ERROR;
				CLANG_WARN_EMPTY_BODY = YES;
				CLANG_WARN_ENUM_CONVERSION = YES;
				CLANG_WARN_INT_CONVERSION = YES;
				CLANG_WARN_OBJC_ROOT_CLASS = YES_ERROR;
				CLANG_WARN_UNREACHABLE_CODE = YES;
				CLANG_WARN__DUPLICATE_METHOD_MATCH = YES;
				"CODE_SIGN_IDENTITY[sdk=iphoneos*]" = "iPhone Developer";
				COPY_PHASE_STRIP = NO;
				DEBUG_INFORMATION_FORMAT = "dwarf-with-dsym";
				ENABLE_NS_ASSERTIONS = NO;
				ENABLE_STRICT_OBJC_MSGSEND = YES;
				GCC_C_LANGUAGE_STANDARD = gnu99;
				GCC_NO_COMMON_BLOCKS = YES;
				GCC_WARN_64_TO_32_BIT_CONVERSION = YES;
				GCC_WARN_ABOUT_RETURN_TYPE = YES_ERROR;
				GCC_WARN_UNDECLARED_SELECTOR = YES;
				GCC_WARN_UNINITIALIZED_AUTOS = YES_AGGRESSIVE;
				GCC_WARN_UNUSED_FUNCTION = YES;
				GCC_WARN_UNUSED_VARIABLE = YES;
				IPHONEOS_DEPLOYMENT_TARGET = 9.0;
				MTL_ENABLE_DEBUG_INFO = NO;
				SDKROOT = iphoneos;
				VALIDATE_PRODUCT = YES;
			};
			name = Release;
		};
		9C22C2CE1BBB4B8F006971F3 /* Debug */ = {
			isa = XCBuildConfiguration;
			buildSettings = {
				ASSETCATALOG_COMPILER_APPICON_NAME = AppIcon;
				CODE_SIGN_IDENTITY = "iPhone Developer";
				"CODE_SIGN_IDENTITY[sdk=iphoneos*]" = "iPhone Developer";
				FRAMEWORK_SEARCH_PATHS = (
					"$(inherited)",
					"$(PROJECT_DIR)",
				);
				INFOPLIST_FILE = BigProject/Info.plist;
				LD_RUNPATH_SEARCH_PATHS = "$(inherited) @executable_path/Frameworks";
				PRODUCT_BUNDLE_IDENTIFIER = com.Group2.StudyIt;
				PRODUCT_NAME = StudyIt;
				PROVISIONING_PROFILE = "";
				TARGETED_DEVICE_FAMILY = "1,2";
			};
			name = Debug;
		};
		9C22C2CF1BBB4B8F006971F3 /* Release */ = {
			isa = XCBuildConfiguration;
			buildSettings = {
				ASSETCATALOG_COMPILER_APPICON_NAME = AppIcon;
				CODE_SIGN_IDENTITY = "iPhone Developer";
				"CODE_SIGN_IDENTITY[sdk=iphoneos*]" = "iPhone Developer";
				FRAMEWORK_SEARCH_PATHS = (
					"$(inherited)",
					"$(PROJECT_DIR)",
				);
				INFOPLIST_FILE = BigProject/Info.plist;
				LD_RUNPATH_SEARCH_PATHS = "$(inherited) @executable_path/Frameworks";
				PRODUCT_BUNDLE_IDENTIFIER = com.Group2.StudyIt;
				PRODUCT_NAME = StudyIt;
				PROVISIONING_PROFILE = "";
				TARGETED_DEVICE_FAMILY = "1,2";
			};
			name = Release;
		};
/* End XCBuildConfiguration section */

/* Begin XCConfigurationList section */
		81547E841BF0767900042145 /* Build configuration list for PBXNativeTarget "StudyItTests" */ = {
			isa = XCConfigurationList;
			buildConfigurations = (
				81547E851BF0767900042145 /* Debug */,
				81547E861BF0767900042145 /* Release */,
			);
			defaultConfigurationIsVisible = 0;
			defaultConfigurationName = Release;
		};
		81547E921BF0769E00042145 /* Build configuration list for PBXNativeTarget "StudyItUITests" */ = {
			isa = XCConfigurationList;
			buildConfigurations = (
				81547E931BF0769E00042145 /* Debug */,
				81547E941BF0769E00042145 /* Release */,
			);
			defaultConfigurationIsVisible = 0;
			defaultConfigurationName = Release;
		};
		9C22C2B61BBB4B8F006971F3 /* Build configuration list for PBXProject "StudyIt" */ = {
			isa = XCConfigurationList;
			buildConfigurations = (
				9C22C2CB1BBB4B8F006971F3 /* Debug */,
				9C22C2CC1BBB4B8F006971F3 /* Release */,
			);
			defaultConfigurationIsVisible = 0;
			defaultConfigurationName = Release;
		};
		9C22C2CD1BBB4B8F006971F3 /* Build configuration list for PBXNativeTarget "StudyIt" */ = {
			isa = XCConfigurationList;
			buildConfigurations = (
				9C22C2CE1BBB4B8F006971F3 /* Debug */,
				9C22C2CF1BBB4B8F006971F3 /* Release */,
			);
			defaultConfigurationIsVisible = 0;
			defaultConfigurationName = Release;
		};
/* End XCConfigurationList section */
	};
	rootObject = 9C22C2B31BBB4B8F006971F3 /* Project object */;
}
